
Microsoft Visual Studio Solution File, Format Version 12.00
# Visual Studio Version 16
VisualStudioVersion = 16.0.30114.105
MinimumVisualStudioVersion = 10.0.40219.1
Project("{FAE04EC0-301F-11D3-BF4B-00C04F79EFBC}") = "API", "API\API.csproj", "{922E58C4-7170-4656-90FD-AF6E7E7FBFAC}"
EndProject
Project("{FAE04EC0-301F-11D3-BF4B-00C04F79EFBC}") = "Application", "Application\Application.csproj", "{540BB004-BAAE-4AC2-BE05-690D9E9AAC3D}"
EndProject
Project("{FAE04EC0-301F-11D3-BF4B-00C04F79EFBC}") = "Persistance", "Persistance\Persistance.csproj", "{C03EF9BF-784B-4B5B-BA58-FF9ED4849A28}"
EndProject
Project("{FAE04EC0-301F-11D3-BF4B-00C04F79EFBC}") = "Domain", "Domain\Domain.csproj", "{0DDE4955-971B-4BBE-B780-036112E9F114}"
EndProject
Global
	GlobalSection(SolutionConfigurationPlatforms) = preSolution
		Debug|Any CPU = Debug|Any CPU
		Debug|x64 = Debug|x64
		Debug|x86 = Debug|x86
		Release|Any CPU = Release|Any CPU
		Release|x64 = Release|x64
		Release|x86 = Release|x86
	EndGlobalSection
	GlobalSection(SolutionProperties) = preSolution
		HideSolutionNode = FALSE
	EndGlobalSection
	GlobalSection(ProjectConfigurationPlatforms) = postSolution
		{922E58C4-7170-4656-90FD-AF6E7E7FBFAC}.Debug|Any CPU.ActiveCfg = Debug|Any CPU
		{922E58C4-7170-4656-90FD-AF6E7E7FBFAC}.Debug|Any CPU.Build.0 = Debug|Any CPU
		{922E58C4-7170-4656-90FD-AF6E7E7FBFAC}.Debug|x64.ActiveCfg = Debug|Any CPU
		{922E58C4-7170-4656-90FD-AF6E7E7FBFAC}.Debug|x64.Build.0 = Debug|Any CPU
		{922E58C4-7170-4656-90FD-AF6E7E7FBFAC}.Debug|x86.ActiveCfg = Debug|Any CPU
		{922E58C4-7170-4656-90FD-AF6E7E7FBFAC}.Debug|x86.Build.0 = Debug|Any CPU
		{922E58C4-7170-4656-90FD-AF6E7E7FBFAC}.Release|Any CPU.ActiveCfg = Release|Any CPU
		{922E58C4-7170-4656-90FD-AF6E7E7FBFAC}.Release|Any CPU.Build.0 = Release|Any CPU
		{922E58C4-7170-4656-90FD-AF6E7E7FBFAC}.Release|x64.ActiveCfg = Release|Any CPU
		{922E58C4-7170-4656-90FD-AF6E7E7FBFAC}.Release|x64.Build.0 = Release|Any CPU
		{922E58C4-7170-4656-90FD-AF6E7E7FBFAC}.Release|x86.ActiveCfg = Release|Any CPU
		{922E58C4-7170-4656-90FD-AF6E7E7FBFAC}.Release|x86.Build.0 = Release|Any CPU
		{540BB004-BAAE-4AC2-BE05-690D9E9AAC3D}.Debug|Any CPU.ActiveCfg = Debug|Any CPU
		{540BB004-BAAE-4AC2-BE05-690D9E9AAC3D}.Debug|Any CPU.Build.0 = Debug|Any CPU
		{540BB004-BAAE-4AC2-BE05-690D9E9AAC3D}.Debug|x64.ActiveCfg = Debug|Any CPU
		{540BB004-BAAE-4AC2-BE05-690D9E9AAC3D}.Debug|x64.Build.0 = Debug|Any CPU
		{540BB004-BAAE-4AC2-BE05-690D9E9AAC3D}.Debug|x86.ActiveCfg = Debug|Any CPU
		{540BB004-BAAE-4AC2-BE05-690D9E9AAC3D}.Debug|x86.Build.0 = Debug|Any CPU
		{540BB004-BAAE-4AC2-BE05-690D9E9AAC3D}.Release|Any CPU.ActiveCfg = Release|Any CPU
		{540BB004-BAAE-4AC2-BE05-690D9E9AAC3D}.Release|Any CPU.Build.0 = Release|Any CPU
		{540BB004-BAAE-4AC2-BE05-690D9E9AAC3D}.Release|x64.ActiveCfg = Release|Any CPU
		{540BB004-BAAE-4AC2-BE05-690D9E9AAC3D}.Release|x64.Build.0 = Release|Any CPU
		{540BB004-BAAE-4AC2-BE05-690D9E9AAC3D}.Release|x86.ActiveCfg = Release|Any CPU
		{540BB004-BAAE-4AC2-BE05-690D9E9AAC3D}.Release|x86.Build.0 = Release|Any CPU
		{C03EF9BF-784B-4B5B-BA58-FF9ED4849A28}.Debug|Any CPU.ActiveCfg = Debug|Any CPU
		{C03EF9BF-784B-4B5B-BA58-FF9ED4849A28}.Debug|Any CPU.Build.0 = Debug|Any CPU
		{C03EF9BF-784B-4B5B-BA58-FF9ED4849A28}.Debug|x64.ActiveCfg = Debug|Any CPU
		{C03EF9BF-784B-4B5B-BA58-FF9ED4849A28}.Debug|x64.Build.0 = Debug|Any CPU
		{C03EF9BF-784B-4B5B-BA58-FF9ED4849A28}.Debug|x86.ActiveCfg = Debug|Any CPU
		{C03EF9BF-784B-4B5B-BA58-FF9ED4849A28}.Debug|x86.Build.0 = Debug|Any CPU
		{C03EF9BF-784B-4B5B-BA58-FF9ED4849A28}.Release|Any CPU.ActiveCfg = Release|Any CPU
		{C03EF9BF-784B-4B5B-BA58-FF9ED4849A28}.Release|Any CPU.Build.0 = Release|Any CPU
		{C03EF9BF-784B-4B5B-BA58-FF9ED4849A28}.Release|x64.ActiveCfg = Release|Any CPU
		{C03EF9BF-784B-4B5B-BA58-FF9ED4849A28}.Release|x64.Build.0 = Release|Any CPU
		{C03EF9BF-784B-4B5B-BA58-FF9ED4849A28}.Release|x86.ActiveCfg = Release|Any CPU
		{C03EF9BF-784B-4B5B-BA58-FF9ED4849A28}.Release|x86.Build.0 = Release|Any CPU
		{0DDE4955-971B-4BBE-B780-036112E9F114}.Debug|Any CPU.ActiveCfg = Debug|Any CPU
		{0DDE4955-971B-4BBE-B780-036112E9F114}.Debug|Any CPU.Build.0 = Debug|Any CPU
		{0DDE4955-971B-4BBE-B780-036112E9F114}.Debug|x64.ActiveCfg = Debug|Any CPU
		{0DDE4955-971B-4BBE-B780-036112E9F114}.Debug|x64.Build.0 = Debug|Any CPU
		{0DDE4955-971B-4BBE-B780-036112E9F114}.Debug|x86.ActiveCfg = Debug|Any CPU
		{0DDE4955-971B-4BBE-B780-036112E9F114}.Debug|x86.Build.0 = Debug|Any CPU
		{0DDE4955-971B-4BBE-B780-036112E9F114}.Release|Any CPU.ActiveCfg = Release|Any CPU
		{0DDE4955-971B-4BBE-B780-036112E9F114}.Release|Any CPU.Build.0 = Release|Any CPU
		{0DDE4955-971B-4BBE-B780-036112E9F114}.Release|x64.ActiveCfg = Release|Any CPU
		{0DDE4955-971B-4BBE-B780-036112E9F114}.Release|x64.Build.0 = Release|Any CPU
		{0DDE4955-971B-4BBE-B780-036112E9F114}.Release|x86.ActiveCfg = Release|Any CPU
		{0DDE4955-971B-4BBE-B780-036112E9F114}.Release|x86.Build.0 = Release|Any CPU
	EndGlobalSection
EndGlobal
